
Microsoft Visual Studio Solution File, Format Version 12.00
# Visual Studio Version 17
VisualStudioVersion = 17.7.34202.233
MinimumVisualStudioVersion = 10.0.40219.1
Project("{9A19103F-16F7-4668-BE54-9A1E7A4F7556}") = "HistoryDate.API", "HistoryDate.API\HistoryDate.API.csproj", "{0F7EFE85-BDB5-4F1E-8C44-BEED5D790B81}"
EndProject
Project("{9A19103F-16F7-4668-BE54-9A1E7A4F7556}") = "HistoryDate.Domain", "HistoryDate.Domain\HistoryDate.Domain.csproj", "{3F3FA7D8-3557-4218-87F0-588114D07E89}"
EndProject
Project("{9A19103F-16F7-4668-BE54-9A1E7A4F7556}") = "HistoryDate.Infrastructure", "HistoryDate.Infrastructure\HistoryDate.Infrastructure.csproj", "{F36C0711-B926-4DD3-AD5C-039AB75FCBD9}"
EndProject
Project("{9A19103F-16F7-4668-BE54-9A1E7A4F7556}") = "HistoryDate.Tests", "HistoryDate.Tests\HistoryDate.Tests.csproj", "{93AC581F-ACA1-4971-803C-32E12FFD7D1D}"
EndProject
Project("{FAE04EC0-301F-11D3-BF4B-00C04F79EFBC}") = "TempConsoleTest", "TempConsoleTest\TempConsoleTest.csproj", "{80798D94-906C-449F-A1C6-8E8CEA4FCE07}"
	ProjectSection(ProjectDependencies) = postProject
		{3F3FA7D8-3557-4218-87F0-588114D07E89} = {3F3FA7D8-3557-4218-87F0-588114D07E89}
	EndProjectSection
EndProject
Global
	GlobalSection(SolutionConfigurationPlatforms) = preSolution
		Debug|Any CPU = Debug|Any CPU
		Release|Any CPU = Release|Any CPU
	EndGlobalSection
	GlobalSection(ProjectConfigurationPlatforms) = postSolution
		{0F7EFE85-BDB5-4F1E-8C44-BEED5D790B81}.Debug|Any CPU.ActiveCfg = Debug|Any CPU
		{0F7EFE85-BDB5-4F1E-8C44-BEED5D790B81}.Debug|Any CPU.Build.0 = Debug|Any CPU
		{0F7EFE85-BDB5-4F1E-8C44-BEED5D790B81}.Release|Any CPU.ActiveCfg = Release|Any CPU
		{0F7EFE85-BDB5-4F1E-8C44-BEED5D790B81}.Release|Any CPU.Build.0 = Release|Any CPU
		{3F3FA7D8-3557-4218-87F0-588114D07E89}.Debug|Any CPU.ActiveCfg = Debug|Any CPU
		{3F3FA7D8-3557-4218-87F0-588114D07E89}.Debug|Any CPU.Build.0 = Debug|Any CPU
		{3F3FA7D8-3557-4218-87F0-588114D07E89}.Release|Any CPU.ActiveCfg = Release|Any CPU
		{3F3FA7D8-3557-4218-87F0-588114D07E89}.Release|Any CPU.Build.0 = Release|Any CPU
		{F36C0711-B926-4DD3-AD5C-039AB75FCBD9}.Debug|Any CPU.ActiveCfg = Debug|Any CPU
		{F36C0711-B926-4DD3-AD5C-039AB75FCBD9}.Debug|Any CPU.Build.0 = Debug|Any CPU
		{F36C0711-B926-4DD3-AD5C-039AB75FCBD9}.Release|Any CPU.ActiveCfg = Release|Any CPU
		{F36C0711-B926-4DD3-AD5C-039AB75FCBD9}.Release|Any CPU.Build.0 = Release|Any CPU
		{93AC581F-ACA1-4971-803C-32E12FFD7D1D}.Debug|Any CPU.ActiveCfg = Debug|Any CPU
		{93AC581F-ACA1-4971-803C-32E12FFD7D1D}.Debug|Any CPU.Build.0 = Debug|Any CPU
		{93AC581F-ACA1-4971-803C-32E12FFD7D1D}.Release|Any CPU.ActiveCfg = Release|Any CPU
		{93AC581F-ACA1-4971-803C-32E12FFD7D1D}.Release|Any CPU.Build.0 = Release|Any CPU
		{80798D94-906C-449F-A1C6-8E8CEA4FCE07}.Debug|Any CPU.ActiveCfg = Debug|Any CPU
		{80798D94-906C-449F-A1C6-8E8CEA4FCE07}.Debug|Any CPU.Build.0 = Debug|Any CPU
		{80798D94-906C-449F-A1C6-8E8CEA4FCE07}.Release|Any CPU.ActiveCfg = Release|Any CPU
		{80798D94-906C-449F-A1C6-8E8CEA4FCE07}.Release|Any CPU.Build.0 = Release|Any CPU
	EndGlobalSection
	GlobalSection(SolutionProperties) = preSolution
		HideSolutionNode = FALSE
	EndGlobalSection
	GlobalSection(ExtensibilityGlobals) = postSolution
		SolutionGuid = {33CD182C-93CB-49E0-AE8E-26AF5753D954}
	EndGlobalSection
EndGlobal
